// !$*UTF8*$!
{
	archiveVersion = 1;
	classes = {
	};
	objectVersion = 50;
	objects = {

/* Begin PBXBuildFile section */
		5B0336D1260107A9002F9408 /* ContentView.swift in Sources */ = {isa = PBXBuildFile; fileRef = 5B0336D0260107A9002F9408 /* ContentView.swift */; };
		5B0336D3260107A9002F9408 /* Assets.xcassets in Resources */ = {isa = PBXBuildFile; fileRef = 5B0336D2260107A9002F9408 /* Assets.xcassets */; };
		5B0336D6260107A9002F9408 /* Preview Assets.xcassets in Resources */ = {isa = PBXBuildFile; fileRef = 5B0336D5260107A9002F9408 /* Preview Assets.xcassets */; };
		5B0446C1260F727D00AE1E53 /* LandmarksApp.swift in Sources */ = {isa = PBXBuildFile; fileRef = 5B0336CE260107A9002F9408 /* LandmarksApp.swift */; };
		5B0446C3260F728300AE1E53 /* Badge.swift in Sources */ = {isa = PBXBuildFile; fileRef = 5B5E8596260B3AD20024C05D /* Badge.swift */; };
		5B0446C5260F728700AE1E53 /* FavoriteButton.swift in Sources */ = {isa = PBXBuildFile; fileRef = 5B740F95260A0D8900AD91A7 /* FavoriteButton.swift */; };
		5B0446C7260F728B00AE1E53 /* MapView.swift in Sources */ = {isa = PBXBuildFile; fileRef = 5B7008E72602074100DF7FDC /* MapView.swift */; };
		5B0446C9260F728E00AE1E53 /* GraphCapsule.swift in Sources */ = {isa = PBXBuildFile; fileRef = 5BF327DA260D1EF1004F799F /* GraphCapsule.swift */; };
		5B0446CB260F729100AE1E53 /* HikeGraph.swift in Sources */ = {isa = PBXBuildFile; fileRef = 5BF327DB260D1EF1004F799F /* HikeGraph.swift */; };
		5B2B006F2612699400797CF5 /* ProfileEditor.swift in Sources */ = {isa = PBXBuildFile; fileRef = 5B2B006E2612699400797CF5 /* ProfileEditor.swift */; };
		5B3899EB260A45AC0099B8DD /* HexagonParameters.swift in Sources */ = {isa = PBXBuildFile; fileRef = 5B3899EA260A45AC0099B8DD /* HexagonParameters.swift */; };
		5B3899EF260A52CF0099B8DD /* BadgeBackground.swift in Sources */ = {isa = PBXBuildFile; fileRef = 5B3899EE260A52CF0099B8DD /* BadgeBackground.swift */; };
		5B44938826275BA000130D59 /* LandmarksApp.swift in Sources */ = {isa = PBXBuildFile; fileRef = 5B0336CE260107A9002F9408 /* LandmarksApp.swift */; };
		5B44938C26275BAA00130D59 /* LandmarkList.swift in Sources */ = {isa = PBXBuildFile; fileRef = 5B50E7E62603E50100542B9D /* LandmarkList.swift */; };
		5B44939026275BAD00130D59 /* LandmarkRow.swift in Sources */ = {isa = PBXBuildFile; fileRef = 5B81D7A32609B801004FA441 /* LandmarkRow.swift */; };
		5B44939426275BC700130D59 /* CircleImage.swift in Sources */ = {isa = PBXBuildFile; fileRef = 5B7008E32601ECA900DF7FDC /* CircleImage.swift */; };
		5B44939826275BCA00130D59 /* MapView.swift in Sources */ = {isa = PBXBuildFile; fileRef = 5B7008E72602074100DF7FDC /* MapView.swift */; };
		5B44939C26275BD300130D59 /* Landmark.swift in Sources */ = {isa = PBXBuildFile; fileRef = 5B49784526029CFF00A7B9C2 /* Landmark.swift */; };
		5B4493A026275BD600130D59 /* ModelData.swift in Sources */ = {isa = PBXBuildFile; fileRef = 5B49784826029FFA00A7B9C2 /* ModelData.swift */; };
		5B4493A426275BD900130D59 /* Hike.swift in Sources */ = {isa = PBXBuildFile; fileRef = 5BF327D6260D1E0A004F799F /* Hike.swift */; };
		5B4493A826275BDC00130D59 /* Profile.swift in Sources */ = {isa = PBXBuildFile; fileRef = 5B9776C2261075A1004F95F7 /* Profile.swift */; };
		5B4493AC26275BE500130D59 /* hikeData.json in Resources */ = {isa = PBXBuildFile; fileRef = 5BF327D3260D1DDA004F799F /* hikeData.json */; };
		5B4493B026275BE900130D59 /* landmarkData.json in Resources */ = {isa = PBXBuildFile; fileRef = 5B49784226029CD600A7B9C2 /* landmarkData.json */; };
		5B4493B426275BEF00130D59 /* Assets.xcassets in Resources */ = {isa = PBXBuildFile; fileRef = 5B0336D2260107A9002F9408 /* Assets.xcassets */; };
		5B49784326029CD600A7B9C2 /* landmarkData.json in Resources */ = {isa = PBXBuildFile; fileRef = 5B49784226029CD600A7B9C2 /* landmarkData.json */; };
		5B49784626029CFF00A7B9C2 /* Landmark.swift in Sources */ = {isa = PBXBuildFile; fileRef = 5B49784526029CFF00A7B9C2 /* Landmark.swift */; };
		5B49784926029FFA00A7B9C2 /* ModelData.swift in Sources */ = {isa = PBXBuildFile; fileRef = 5B49784826029FFA00A7B9C2 /* ModelData.swift */; };
		5B50E7E72603E50100542B9D /* LandmarkList.swift in Sources */ = {isa = PBXBuildFile; fileRef = 5B50E7E62603E50100542B9D /* LandmarkList.swift */; };
		5B5C15AF261A544C003BDB21 /* PageView.swift in Sources */ = {isa = PBXBuildFile; fileRef = 5B5C15AE261A544C003BDB21 /* PageView.swift */; };
		5B5C15B2261A5470003BDB21 /* PageControl.swift in Sources */ = {isa = PBXBuildFile; fileRef = 5B5C15B1261A5470003BDB21 /* PageControl.swift */; };
		5B5E8591260B21B00024C05D /* BadgeSymbol.swift in Sources */ = {isa = PBXBuildFile; fileRef = 5B5E8590260B21B00024C05D /* BadgeSymbol.swift */; };
		5B5E8594260B348D0024C05D /* RotatedBadgeSymbol.swift in Sources */ = {isa = PBXBuildFile; fileRef = 5B5E8593260B348D0024C05D /* RotatedBadgeSymbol.swift */; };
		5B7008E42601ECA900DF7FDC /* CircleImage.swift in Sources */ = {isa = PBXBuildFile; fileRef = 5B7008E32601ECA900DF7FDC /* CircleImage.swift */; };
		5B81D7A42609B801004FA441 /* LandmarkRow.swift in Sources */ = {isa = PBXBuildFile; fileRef = 5B81D7A32609B801004FA441 /* LandmarkRow.swift */; };
		5B8F6495260484D900971A34 /* LandmarkDetail.swift in Sources */ = {isa = PBXBuildFile; fileRef = 5B8F6494260484D900971A34 /* LandmarkDetail.swift */; };
		5B9776C3261075A1004F95F7 /* Profile.swift in Sources */ = {isa = PBXBuildFile; fileRef = 5B9776C2261075A1004F95F7 /* Profile.swift */; };
		5B9776CC2610772C004F95F7 /* ProfileHost.swift in Sources */ = {isa = PBXBuildFile; fileRef = 5B9776CB2610772C004F95F7 /* ProfileHost.swift */; };
		5B9776CF261078A8004F95F7 /* ProfileSummary.swift in Sources */ = {isa = PBXBuildFile; fileRef = 5B9776CE261078A8004F95F7 /* ProfileSummary.swift */; };
		5B9776D2261079CF004F95F7 /* HikeBadge.swift in Sources */ = {isa = PBXBuildFile; fileRef = 5B9776D1261079CF004F95F7 /* HikeBadge.swift */; };
		5BAC6CD4261F8377002BE1DC /* Assets.xcassets in Resources */ = {isa = PBXBuildFile; fileRef = 5BAC6CD3261F8377002BE1DC /* Assets.xcassets */; };
		5BAC6CDB261F8377002BE1DC /* WatchLandmarks Extension.appex in Embed App Extensions */ = {isa = PBXBuildFile; fileRef = 5BAC6CDA261F8377002BE1DC /* WatchLandmarks Extension.appex */; settings = {ATTRIBUTES = (RemoveHeadersOnCopy, ); }; };
		5BAC6CE2261F8377002BE1DC /* ContentView.swift in Sources */ = {isa = PBXBuildFile; fileRef = 5BAC6CE1261F8377002BE1DC /* ContentView.swift */; };
		5BAC6CE4261F8377002BE1DC /* NotificationController.swift in Sources */ = {isa = PBXBuildFile; fileRef = 5BAC6CE3261F8377002BE1DC /* NotificationController.swift */; };
		5BAC6CE6261F8377002BE1DC /* NotificationView.swift in Sources */ = {isa = PBXBuildFile; fileRef = 5BAC6CE5261F8377002BE1DC /* NotificationView.swift */; };
		5BAC6CE8261F8377002BE1DC /* ComplicationController.swift in Sources */ = {isa = PBXBuildFile; fileRef = 5BAC6CE7261F8377002BE1DC /* ComplicationController.swift */; };
		5BAC6CEA261F8378002BE1DC /* Assets.xcassets in Resources */ = {isa = PBXBuildFile; fileRef = 5BAC6CE9261F8378002BE1DC /* Assets.xcassets */; };
		5BAC6CED261F8378002BE1DC /* Preview Assets.xcassets in Resources */ = {isa = PBXBuildFile; fileRef = 5BAC6CEC261F8378002BE1DC /* Preview Assets.xcassets */; };
		5BAC6CF2261F8378002BE1DC /* WatchLandmarks.app in Embed Watch Content */ = {isa = PBXBuildFile; fileRef = 5BAC6CD1261F8376002BE1DC /* WatchLandmarks.app */; settings = {ATTRIBUTES = (RemoveHeadersOnCopy, ); }; };
		5BD25186260F4E89008961F2 /* CategoryHome.swift in Sources */ = {isa = PBXBuildFile; fileRef = 5BD25185260F4E89008961F2 /* CategoryHome.swift */; };
		5BD25189260F586A008961F2 /* CategoryRow.swift in Sources */ = {isa = PBXBuildFile; fileRef = 5BD25188260F586A008961F2 /* CategoryRow.swift */; };
		5BD2518C260F5DD7008961F2 /* CategoryItem.swift in Sources */ = {isa = PBXBuildFile; fileRef = 5BD2518B260F5DD7008961F2 /* CategoryItem.swift */; };
		5BD6E4DA26147379004A8CF4 /* PageViewController.swift in Sources */ = {isa = PBXBuildFile; fileRef = 5BD6E4D926147379004A8CF4 /* PageViewController.swift */; };
		5BD6E4DD261477F1004A8CF4 /* FeatureCard.swift in Sources */ = {isa = PBXBuildFile; fileRef = 5BD6E4DC261477F1004A8CF4 /* FeatureCard.swift */; };
		5BF327D4260D1DDA004F799F /* hikeData.json in Resources */ = {isa = PBXBuildFile; fileRef = 5BF327D3260D1DDA004F799F /* hikeData.json */; };
		5BF327D7260D1E0A004F799F /* Hike.swift in Sources */ = {isa = PBXBuildFile; fileRef = 5BF327D6260D1E0A004F799F /* Hike.swift */; };
		5BF327E0260D1EF1004F799F /* HikeDetail.swift in Sources */ = {isa = PBXBuildFile; fileRef = 5BF327DC260D1EF1004F799F /* HikeDetail.swift */; };
		5BF327E1260D1EF1004F799F /* HikeView.swift in Sources */ = {isa = PBXBuildFile; fileRef = 5BF327DD260D1EF1004F799F /* HikeView.swift */; };
/* End PBXBuildFile section */

/* Begin PBXContainerItemProxy section */
		5BAC6CDC261F8377002BE1DC /* PBXContainerItemProxy */ = {
			isa = PBXContainerItemProxy;
			containerPortal = 5B0336C3260107A9002F9408 /* Project object */;
			proxyType = 1;
			remoteGlobalIDString = 5BAC6CD9261F8377002BE1DC;
			remoteInfo = "WatchLandmarks Extension";
		};
		5BAC6CF0261F8378002BE1DC /* PBXContainerItemProxy */ = {
			isa = PBXContainerItemProxy;
			containerPortal = 5B0336C3260107A9002F9408 /* Project object */;
			proxyType = 1;
			remoteGlobalIDString = 5BAC6CD0261F8376002BE1DC;
			remoteInfo = WatchLandmarks;
		};
/* End PBXContainerItemProxy section */

/* Begin PBXCopyFilesBuildPhase section */
		5BAC6CF3261F8378002BE1DC /* Embed Watch Content */ = {
			isa = PBXCopyFilesBuildPhase;
			buildActionMask = 2147483647;
			dstPath = "$(CONTENTS_FOLDER_PATH)/Watch";
			dstSubfolderSpec = 16;
			files = (
				5BAC6CF2261F8378002BE1DC /* WatchLandmarks.app in Embed Watch Content */,
			);
			name = "Embed Watch Content";
			runOnlyForDeploymentPostprocessing = 0;
		};
		5BAC6CF6261F8378002BE1DC /* Embed App Extensions */ = {
			isa = PBXCopyFilesBuildPhase;
			buildActionMask = 2147483647;
			dstPath = "";
			dstSubfolderSpec = 13;
			files = (
				5BAC6CDB261F8377002BE1DC /* WatchLandmarks Extension.appex in Embed App Extensions */,
			);
			name = "Embed App Extensions";
			runOnlyForDeploymentPostprocessing = 0;
		};
/* End PBXCopyFilesBuildPhase section */

/* Begin PBXFileReference section */
		5B0336CB260107A9002F9408 /* Landmarks.app */ = {isa = PBXFileReference; explicitFileType = wrapper.application; includeInIndex = 0; path = Landmarks.app; sourceTree = BUILT_PRODUCTS_DIR; };
		5B0336CE260107A9002F9408 /* LandmarksApp.swift */ = {isa = PBXFileReference; lastKnownFileType = sourcecode.swift; path = LandmarksApp.swift; sourceTree = "<group>"; };
		5B0336D0260107A9002F9408 /* ContentView.swift */ = {isa = PBXFileReference; lastKnownFileType = sourcecode.swift; path = ContentView.swift; sourceTree = "<group>"; };
		5B0336D2260107A9002F9408 /* Assets.xcassets */ = {isa = PBXFileReference; lastKnownFileType = folder.assetcatalog; path = Assets.xcassets; sourceTree = "<group>"; };
		5B0336D5260107A9002F9408 /* Preview Assets.xcassets */ = {isa = PBXFileReference; lastKnownFileType = folder.assetcatalog; path = "Preview Assets.xcassets"; sourceTree = "<group>"; };
		5B0336D7260107A9002F9408 /* Info.plist */ = {isa = PBXFileReference; lastKnownFileType = text.plist.xml; path = Info.plist; sourceTree = "<group>"; };
		5B2B006E2612699400797CF5 /* ProfileEditor.swift */ = {isa = PBXFileReference; lastKnownFileType = sourcecode.swift; path = ProfileEditor.swift; sourceTree = "<group>"; };
		5B3899EA260A45AC0099B8DD /* HexagonParameters.swift */ = {isa = PBXFileReference; lastKnownFileType = sourcecode.swift; path = HexagonParameters.swift; sourceTree = "<group>"; };
		5B3899EE260A52CF0099B8DD /* BadgeBackground.swift */ = {isa = PBXFileReference; lastKnownFileType = sourcecode.swift; path = BadgeBackground.swift; sourceTree = "<group>"; };
		5B49784226029CD600A7B9C2 /* landmarkData.json */ = {isa = PBXFileReference; fileEncoding = 4; lastKnownFileType = text.json; path = landmarkData.json; sourceTree = "<group>"; };
		5B49784526029CFF00A7B9C2 /* Landmark.swift */ = {isa = PBXFileReference; lastKnownFileType = sourcecode.swift; path = Landmark.swift; sourceTree = "<group>"; };
		5B49784826029FFA00A7B9C2 /* ModelData.swift */ = {isa = PBXFileReference; lastKnownFileType = sourcecode.swift; path = ModelData.swift; sourceTree = "<group>"; };
		5B50E7E62603E50100542B9D /* LandmarkList.swift */ = {isa = PBXFileReference; lastKnownFileType = sourcecode.swift; path = LandmarkList.swift; sourceTree = "<group>"; };
		5B5C15AE261A544C003BDB21 /* PageView.swift */ = {isa = PBXFileReference; lastKnownFileType = sourcecode.swift; path = PageView.swift; sourceTree = "<group>"; };
		5B5C15B1261A5470003BDB21 /* PageControl.swift */ = {isa = PBXFileReference; lastKnownFileType = sourcecode.swift; path = PageControl.swift; sourceTree = "<group>"; };
		5B5E8590260B21B00024C05D /* BadgeSymbol.swift */ = {isa = PBXFileReference; lastKnownFileType = sourcecode.swift; path = BadgeSymbol.swift; sourceTree = "<group>"; };
		5B5E8593260B348D0024C05D /* RotatedBadgeSymbol.swift */ = {isa = PBXFileReference; lastKnownFileType = sourcecode.swift; path = RotatedBadgeSymbol.swift; sourceTree = "<group>"; };
		5B5E8596260B3AD20024C05D /* Badge.swift */ = {isa = PBXFileReference; lastKnownFileType = sourcecode.swift; path = Badge.swift; sourceTree = "<group>"; };
		5B7008E32601ECA900DF7FDC /* CircleImage.swift */ = {isa = PBXFileReference; lastKnownFileType = sourcecode.swift; path = CircleImage.swift; sourceTree = "<group>"; };
		5B7008E72602074100DF7FDC /* MapView.swift */ = {isa = PBXFileReference; lastKnownFileType = sourcecode.swift; path = MapView.swift; sourceTree = "<group>"; };
		5B740F95260A0D8900AD91A7 /* FavoriteButton.swift */ = {isa = PBXFileReference; lastKnownFileType = sourcecode.swift; path = FavoriteButton.swift; sourceTree = "<group>"; };
		5B81D7A32609B801004FA441 /* LandmarkRow.swift */ = {isa = PBXFileReference; fileEncoding = 4; lastKnownFileType = sourcecode.swift; path = LandmarkRow.swift; sourceTree = "<group>"; };
		5B8F6494260484D900971A34 /* LandmarkDetail.swift */ = {isa = PBXFileReference; lastKnownFileType = sourcecode.swift; path = LandmarkDetail.swift; sourceTree = "<group>"; };
		5B9776C2261075A1004F95F7 /* Profile.swift */ = {isa = PBXFileReference; lastKnownFileType = sourcecode.swift; path = Profile.swift; sourceTree = "<group>"; };
		5B9776CB2610772C004F95F7 /* ProfileHost.swift */ = {isa = PBXFileReference; lastKnownFileType = sourcecode.swift; path = ProfileHost.swift; sourceTree = "<group>"; };
		5B9776CE261078A8004F95F7 /* ProfileSummary.swift */ = {isa = PBXFileReference; lastKnownFileType = sourcecode.swift; path = ProfileSummary.swift; sourceTree = "<group>"; };
		5B9776D1261079CF004F95F7 /* HikeBadge.swift */ = {isa = PBXFileReference; lastKnownFileType = sourcecode.swift; path = HikeBadge.swift; sourceTree = "<group>"; };
		5BAC6CD1261F8376002BE1DC /* WatchLandmarks.app */ = {isa = PBXFileReference; explicitFileType = wrapper.application; includeInIndex = 0; path = WatchLandmarks.app; sourceTree = BUILT_PRODUCTS_DIR; };
		5BAC6CD3261F8377002BE1DC /* Assets.xcassets */ = {isa = PBXFileReference; lastKnownFileType = folder.assetcatalog; path = Assets.xcassets; sourceTree = "<group>"; };
		5BAC6CD5261F8377002BE1DC /* Info.plist */ = {isa = PBXFileReference; lastKnownFileType = text.plist.xml; path = Info.plist; sourceTree = "<group>"; };
		5BAC6CDA261F8377002BE1DC /* WatchLandmarks Extension.appex */ = {isa = PBXFileReference; explicitFileType = "wrapper.app-extension"; includeInIndex = 0; path = "WatchLandmarks Extension.appex"; sourceTree = BUILT_PRODUCTS_DIR; };
		5BAC6CE1261F8377002BE1DC /* ContentView.swift */ = {isa = PBXFileReference; lastKnownFileType = sourcecode.swift; path = ContentView.swift; sourceTree = "<group>"; };
		5BAC6CE3261F8377002BE1DC /* NotificationController.swift */ = {isa = PBXFileReference; lastKnownFileType = sourcecode.swift; path = NotificationController.swift; sourceTree = "<group>"; };
		5BAC6CE5261F8377002BE1DC /* NotificationView.swift */ = {isa = PBXFileReference; lastKnownFileType = sourcecode.swift; path = NotificationView.swift; sourceTree = "<group>"; };
		5BAC6CE7261F8377002BE1DC /* ComplicationController.swift */ = {isa = PBXFileReference; lastKnownFileType = sourcecode.swift; path = ComplicationController.swift; sourceTree = "<group>"; };
		5BAC6CE9261F8378002BE1DC /* Assets.xcassets */ = {isa = PBXFileReference; lastKnownFileType = folder.assetcatalog; path = Assets.xcassets; sourceTree = "<group>"; };
		5BAC6CEC261F8378002BE1DC /* Preview Assets.xcassets */ = {isa = PBXFileReference; lastKnownFileType = folder.assetcatalog; path = "Preview Assets.xcassets"; sourceTree = "<group>"; };
		5BAC6CEE261F8378002BE1DC /* Info.plist */ = {isa = PBXFileReference; lastKnownFileType = text.plist.xml; path = Info.plist; sourceTree = "<group>"; };
		5BAC6CEF261F8378002BE1DC /* PushNotificationPayload.apns */ = {isa = PBXFileReference; lastKnownFileType = text; path = PushNotificationPayload.apns; sourceTree = "<group>"; };
		5BD25185260F4E89008961F2 /* CategoryHome.swift */ = {isa = PBXFileReference; lastKnownFileType = sourcecode.swift; path = CategoryHome.swift; sourceTree = "<group>"; };
		5BD25188260F586A008961F2 /* CategoryRow.swift */ = {isa = PBXFileReference; lastKnownFileType = sourcecode.swift; path = CategoryRow.swift; sourceTree = "<group>"; };
		5BD2518B260F5DD7008961F2 /* CategoryItem.swift */ = {isa = PBXFileReference; lastKnownFileType = sourcecode.swift; path = CategoryItem.swift; sourceTree = "<group>"; };
		5BD6E4D926147379004A8CF4 /* PageViewController.swift */ = {isa = PBXFileReference; lastKnownFileType = sourcecode.swift; path = PageViewController.swift; sourceTree = "<group>"; };
		5BD6E4DC261477F1004A8CF4 /* FeatureCard.swift */ = {isa = PBXFileReference; lastKnownFileType = sourcecode.swift; path = FeatureCard.swift; sourceTree = "<group>"; };
		5BF327D3260D1DDA004F799F /* hikeData.json */ = {isa = PBXFileReference; fileEncoding = 4; lastKnownFileType = text.json; path = hikeData.json; sourceTree = "<group>"; };
		5BF327D6260D1E0A004F799F /* Hike.swift */ = {isa = PBXFileReference; lastKnownFileType = sourcecode.swift; path = Hike.swift; sourceTree = "<group>"; };
		5BF327DA260D1EF1004F799F /* GraphCapsule.swift */ = {isa = PBXFileReference; fileEncoding = 4; lastKnownFileType = sourcecode.swift; path = GraphCapsule.swift; sourceTree = "<group>"; };
		5BF327DB260D1EF1004F799F /* HikeGraph.swift */ = {isa = PBXFileReference; fileEncoding = 4; lastKnownFileType = sourcecode.swift; path = HikeGraph.swift; sourceTree = "<group>"; };
		5BF327DC260D1EF1004F799F /* HikeDetail.swift */ = {isa = PBXFileReference; fileEncoding = 4; lastKnownFileType = sourcecode.swift; path = HikeDetail.swift; sourceTree = "<group>"; };
		5BF327DD260D1EF1004F799F /* HikeView.swift */ = {isa = PBXFileReference; fileEncoding = 4; lastKnownFileType = sourcecode.swift; path = HikeView.swift; sourceTree = "<group>"; };
/* End PBXFileReference section */

/* Begin PBXFrameworksBuildPhase section */
		5B0336C8260107A9002F9408 /* Frameworks */ = {
			isa = PBXFrameworksBuildPhase;
			buildActionMask = 2147483647;
			files = (
			);
			runOnlyForDeploymentPostprocessing = 0;
		};
		5BAC6CD7261F8377002BE1DC /* Frameworks */ = {
			isa = PBXFrameworksBuildPhase;
			buildActionMask = 2147483647;
			files = (
			);
			runOnlyForDeploymentPostprocessing = 0;
		};
/* End PBXFrameworksBuildPhase section */

/* Begin PBXGroup section */
		5B0336C2260107A9002F9408 = {
			isa = PBXGroup;
			children = (
				5B0336CD260107A9002F9408 /* Landmarks */,
				5BAC6CD2261F8376002BE1DC /* WatchLandmarks */,
				5BAC6CDE261F8377002BE1DC /* WatchLandmarks Extension */,
				5B0336CC260107A9002F9408 /* Products */,
			);
			sourceTree = "<group>";
		};
		5B0336CC260107A9002F9408 /* Products */ = {
			isa = PBXGroup;
			children = (
				5B0336CB260107A9002F9408 /* Landmarks.app */,
				5BAC6CD1261F8376002BE1DC /* WatchLandmarks.app */,
				5BAC6CDA261F8377002BE1DC /* WatchLandmarks Extension.appex */,
			);
			name = Products;
			sourceTree = "<group>";
		};
		5B0336CD260107A9002F9408 /* Landmarks */ = {
			isa = PBXGroup;
			children = (
				5B0336CE260107A9002F9408 /* LandmarksApp.swift */,
				5B50E7DA2603DA7700542B9D /* Views */,
				5B50E7DB2603DA8600542B9D /* Models */,
				5B50E7DC2603DA8F00542B9D /* Resources */,
				5B0336D2260107A9002F9408 /* Assets.xcassets */,
				5B0336D7260107A9002F9408 /* Info.plist */,
				5B0336D4260107A9002F9408 /* Preview Content */,
			);
			path = Landmarks;
			sourceTree = "<group>";
		};
		5B0336D4260107A9002F9408 /* Preview Content */ = {
			isa = PBXGroup;
			children = (
				5B0336D5260107A9002F9408 /* Preview Assets.xcassets */,
			);
			path = "Preview Content";
			sourceTree = "<group>";
		};
		5B50E7DA2603DA7700542B9D /* Views */ = {
			isa = PBXGroup;
			children = (
				5B0336D0260107A9002F9408 /* ContentView.swift */,
				5B5E859A260B3CE30024C05D /* Badges */,
				5BD2517E260F4DB7008961F2 /* Categories */,
				5B740F9A260A0EEC00AD91A7 /* Helpers */,
				5BF327D9260D1EF1004F799F /* Hikes */,
				5B740F99260A0EDC00AD91A7 /* Landmarks */,
				5BD6E4D4261472EE004A8CF4 /* PageView */,
				5B9776C52610766D004F95F7 /* Profiles  */,
			);
			path = Views;
			sourceTree = "<group>";
		};
		5B50E7DB2603DA8600542B9D /* Models */ = {
			isa = PBXGroup;
			children = (
				5B49784526029CFF00A7B9C2 /* Landmark.swift */,
				5B49784826029FFA00A7B9C2 /* ModelData.swift */,
				5BF327D6260D1E0A004F799F /* Hike.swift */,
				5B9776C2261075A1004F95F7 /* Profile.swift */,
			);
			path = Models;
			sourceTree = "<group>";
		};
		5B50E7DC2603DA8F00542B9D /* Resources */ = {
			isa = PBXGroup;
			children = (
				5BF327D3260D1DDA004F799F /* hikeData.json */,
				5B49784226029CD600A7B9C2 /* landmarkData.json */,
			);
			path = Resources;
			sourceTree = "<group>";
		};
		5B5E859A260B3CE30024C05D /* Badges */ = {
			isa = PBXGroup;
			children = (
				5B5E8596260B3AD20024C05D /* Badge.swift */,
				5B3899EE260A52CF0099B8DD /* BadgeBackground.swift */,
				5B5E8590260B21B00024C05D /* BadgeSymbol.swift */,
				5B3899EA260A45AC0099B8DD /* HexagonParameters.swift */,
				5B5E8593260B348D0024C05D /* RotatedBadgeSymbol.swift */,
			);
			path = Badges;
			sourceTree = "<group>";
		};
		5B740F99260A0EDC00AD91A7 /* Landmarks */ = {
			isa = PBXGroup;
			children = (
				5B8F6494260484D900971A34 /* LandmarkDetail.swift */,
				5B50E7E62603E50100542B9D /* LandmarkList.swift */,
				5B81D7A32609B801004FA441 /* LandmarkRow.swift */,
			);
			path = Landmarks;
			sourceTree = "<group>";
		};
		5B740F9A260A0EEC00AD91A7 /* Helpers */ = {
			isa = PBXGroup;
			children = (
				5B7008E32601ECA900DF7FDC /* CircleImage.swift */,
				5B740F95260A0D8900AD91A7 /* FavoriteButton.swift */,
				5B7008E72602074100DF7FDC /* MapView.swift */,
			);
			path = Helpers;
			sourceTree = "<group>";
		};
		5B9776C52610766D004F95F7 /* Profiles  */ = {
			isa = PBXGroup;
			children = (
				5B9776CB2610772C004F95F7 /* ProfileHost.swift */,
				5B9776CE261078A8004F95F7 /* ProfileSummary.swift */,
				5B2B006E2612699400797CF5 /* ProfileEditor.swift */,
			);
			path = "Profiles ";
			sourceTree = "<group>";
		};
		5BAC6CD2261F8376002BE1DC /* WatchLandmarks */ = {
			isa = PBXGroup;
			children = (
				5BAC6CD3261F8377002BE1DC /* Assets.xcassets */,
				5BAC6CD5261F8377002BE1DC /* Info.plist */,
			);
			path = WatchLandmarks;
			sourceTree = "<group>";
		};
		5BAC6CDE261F8377002BE1DC /* WatchLandmarks Extension */ = {
			isa = PBXGroup;
			children = (
				5BAC6CE1261F8377002BE1DC /* ContentView.swift */,
				5BAC6CE3261F8377002BE1DC /* NotificationController.swift */,
				5BAC6CE5261F8377002BE1DC /* NotificationView.swift */,
				5BAC6CE7261F8377002BE1DC /* ComplicationController.swift */,
				5BAC6CE9261F8378002BE1DC /* Assets.xcassets */,
				5BAC6CEE261F8378002BE1DC /* Info.plist */,
				5BAC6CEF261F8378002BE1DC /* PushNotificationPayload.apns */,
				5BAC6CEB261F8378002BE1DC /* Preview Content */,
			);
			path = "WatchLandmarks Extension";
			sourceTree = "<group>";
		};
		5BAC6CEB261F8378002BE1DC /* Preview Content */ = {
			isa = PBXGroup;
			children = (
				5BAC6CEC261F8378002BE1DC /* Preview Assets.xcassets */,
			);
			path = "Preview Content";
			sourceTree = "<group>";
		};
		5BD2517E260F4DB7008961F2 /* Categories */ = {
			isa = PBXGroup;
			children = (
				5BD25185260F4E89008961F2 /* CategoryHome.swift */,
				5BD25188260F586A008961F2 /* CategoryRow.swift */,
				5BD2518B260F5DD7008961F2 /* CategoryItem.swift */,
			);
			path = Categories;
			sourceTree = "<group>";
		};
		5BD6E4D4261472EE004A8CF4 /* PageView */ = {
			isa = PBXGroup;
			children = (
				5BD6E4DC261477F1004A8CF4 /* FeatureCard.swift */,
				5B5C15B1261A5470003BDB21 /* PageControl.swift */,
				5B5C15AE261A544C003BDB21 /* PageView.swift */,
				5BD6E4D926147379004A8CF4 /* PageViewController.swift */,
			);
			path = PageView;
			sourceTree = "<group>";
		};
		5BF327D9260D1EF1004F799F /* Hikes */ = {
			isa = PBXGroup;
			children = (
				5BF327DA260D1EF1004F799F /* GraphCapsule.swift */,
				5BF327DB260D1EF1004F799F /* HikeGraph.swift */,
				5BF327DC260D1EF1004F799F /* HikeDetail.swift */,
				5BF327DD260D1EF1004F799F /* HikeView.swift */,
				5B9776D1261079CF004F95F7 /* HikeBadge.swift */,
			);
			path = Hikes;
			sourceTree = "<group>";
		};
/* End PBXGroup section */

/* Begin PBXNativeTarget section */
		5B0336CA260107A9002F9408 /* Landmarks */ = {
			isa = PBXNativeTarget;
			buildConfigurationList = 5B0336DA260107A9002F9408 /* Build configuration list for PBXNativeTarget "Landmarks" */;
			buildPhases = (
				5B0336C7260107A9002F9408 /* Sources */,
				5B0336C8260107A9002F9408 /* Frameworks */,
				5B0336C9260107A9002F9408 /* Resources */,
				5BAC6CF3261F8378002BE1DC /* Embed Watch Content */,
			);
			buildRules = (
			);
			dependencies = (
				5BAC6CF1261F8378002BE1DC /* PBXTargetDependency */,
			);
			name = Landmarks;
			productName = Landmarks;
			productReference = 5B0336CB260107A9002F9408 /* Landmarks.app */;
			productType = "com.apple.product-type.application";
		};
		5BAC6CD0261F8376002BE1DC /* WatchLandmarks */ = {
			isa = PBXNativeTarget;
			buildConfigurationList = 5BAC6CFA261F8378002BE1DC /* Build configuration list for PBXNativeTarget "WatchLandmarks" */;
			buildPhases = (
				5BAC6CCF261F8376002BE1DC /* Resources */,
				5BAC6CF6261F8378002BE1DC /* Embed App Extensions */,
			);
			buildRules = (
			);
			dependencies = (
				5BAC6CDD261F8377002BE1DC /* PBXTargetDependency */,
			);
			name = WatchLandmarks;
			productName = WatchLandmarks;
			productReference = 5BAC6CD1261F8376002BE1DC /* WatchLandmarks.app */;
			productType = "com.apple.product-type.application.watchapp2";
		};
		5BAC6CD9261F8377002BE1DC /* WatchLandmarks Extension */ = {
			isa = PBXNativeTarget;
			buildConfigurationList = 5BAC6CF9261F8378002BE1DC /* Build configuration list for PBXNativeTarget "WatchLandmarks Extension" */;
			buildPhases = (
				5BAC6CD6261F8377002BE1DC /* Sources */,
				5BAC6CD7261F8377002BE1DC /* Frameworks */,
				5BAC6CD8261F8377002BE1DC /* Resources */,
			);
			buildRules = (
			);
			dependencies = (
			);
			name = "WatchLandmarks Extension";
			productName = "WatchLandmarks Extension";
			productReference = 5BAC6CDA261F8377002BE1DC /* WatchLandmarks Extension.appex */;
			productType = "com.apple.product-type.watchkit2-extension";
		};
/* End PBXNativeTarget section */

/* Begin PBXProject section */
		5B0336C3260107A9002F9408 /* Project object */ = {
			isa = PBXProject;
			attributes = {
				LastSwiftUpdateCheck = 1240;
				LastUpgradeCheck = 1240;
				TargetAttributes = {
					5B0336CA260107A9002F9408 = {
						CreatedOnToolsVersion = 12.4;
					};
					5BAC6CD0261F8376002BE1DC = {
						CreatedOnToolsVersion = 12.4;
					};
					5BAC6CD9261F8377002BE1DC = {
						CreatedOnToolsVersion = 12.4;
					};
				};
			};
			buildConfigurationList = 5B0336C6260107A9002F9408 /* Build configuration list for PBXProject "Landmarks" */;
			compatibilityVersion = "Xcode 9.3";
			developmentRegion = en;
			hasScannedForEncodings = 0;
			knownRegions = (
				en,
				Base,
			);
			mainGroup = 5B0336C2260107A9002F9408;
			productRefGroup = 5B0336CC260107A9002F9408 /* Products */;
			projectDirPath = "";
			projectRoot = "";
			targets = (
				5B0336CA260107A9002F9408 /* Landmarks */,
				5BAC6CD0261F8376002BE1DC /* WatchLandmarks */,
				5BAC6CD9261F8377002BE1DC /* WatchLandmarks Extension */,
			);
		};
/* End PBXProject section */

/* Begin PBXResourcesBuildPhase section */
		5B0336C9260107A9002F9408 /* Resources */ = {
			isa = PBXResourcesBuildPhase;
			buildActionMask = 2147483647;
			files = (
				5BF327D4260D1DDA004F799F /* hikeData.json in Resources */,
				5B0336D6260107A9002F9408 /* Preview Assets.xcassets in Resources */,
				5B0336D3260107A9002F9408 /* Assets.xcassets in Resources */,
				5B49784326029CD600A7B9C2 /* landmarkData.json in Resources */,
			);
			runOnlyForDeploymentPostprocessing = 0;
		};
		5BAC6CCF261F8376002BE1DC /* Resources */ = {
			isa = PBXResourcesBuildPhase;
			buildActionMask = 2147483647;
			files = (
				5BAC6CD4261F8377002BE1DC /* Assets.xcassets in Resources */,
			);
			runOnlyForDeploymentPostprocessing = 0;
		};
		5BAC6CD8261F8377002BE1DC /* Resources */ = {
			isa = PBXResourcesBuildPhase;
			buildActionMask = 2147483647;
			files = (
				5BAC6CED261F8378002BE1DC /* Preview Assets.xcassets in Resources */,
				5B4493B026275BE900130D59 /* landmarkData.json in Resources */,
				5B4493AC26275BE500130D59 /* hikeData.json in Resources */,
				5BAC6CEA261F8378002BE1DC /* Assets.xcassets in Resources */,
				5B4493B426275BEF00130D59 /* Assets.xcassets in Resources */,
			);
			runOnlyForDeploymentPostprocessing = 0;
		};
/* End PBXResourcesBuildPhase section */

/* Begin PBXSourcesBuildPhase section */
		5B0336C7260107A9002F9408 /* Sources */ = {
			isa = PBXSourcesBuildPhase;
			buildActionMask = 2147483647;
			files = (
				5B0446CB260F729100AE1E53 /* HikeGraph.swift in Sources */,
				5B9776C3261075A1004F95F7 /* Profile.swift in Sources */,
				5B0446C9260F728E00AE1E53 /* GraphCapsule.swift in Sources */,
				5B0446C7260F728B00AE1E53 /* MapView.swift in Sources */,
				5BD6E4DD261477F1004A8CF4 /* FeatureCard.swift in Sources */,
				5B0446C5260F728700AE1E53 /* FavoriteButton.swift in Sources */,
				5B0446C3260F728300AE1E53 /* Badge.swift in Sources */,
				5B0446C1260F727D00AE1E53 /* LandmarksApp.swift in Sources */,
				5BD25189260F586A008961F2 /* CategoryRow.swift in Sources */,
				5B0336D1260107A9002F9408 /* ContentView.swift in Sources */,
				5B5C15B2261A5470003BDB21 /* PageControl.swift in Sources */,
				5BD25186260F4E89008961F2 /* CategoryHome.swift in Sources */,
				5BD2518C260F5DD7008961F2 /* CategoryItem.swift in Sources */,
				5BF327E0260D1EF1004F799F /* HikeDetail.swift in Sources */,
				5B9776CF261078A8004F95F7 /* ProfileSummary.swift in Sources */,
				5B3899EB260A45AC0099B8DD /* HexagonParameters.swift in Sources */,
				5B9776CC2610772C004F95F7 /* ProfileHost.swift in Sources */,
				5BF327D7260D1E0A004F799F /* Hike.swift in Sources */,
				5B5E8594260B348D0024C05D /* RotatedBadgeSymbol.swift in Sources */,
				5B5C15AF261A544C003BDB21 /* PageView.swift in Sources */,
				5B5E8591260B21B00024C05D /* BadgeSymbol.swift in Sources */,
				5B2B006F2612699400797CF5 /* ProfileEditor.swift in Sources */,
				5B50E7E72603E50100542B9D /* LandmarkList.swift in Sources */,
				5BF327E1260D1EF1004F799F /* HikeView.swift in Sources */,
				5B8F6495260484D900971A34 /* LandmarkDetail.swift in Sources */,
				5BD6E4DA26147379004A8CF4 /* PageViewController.swift in Sources */,
				5B3899EF260A52CF0099B8DD /* BadgeBackground.swift in Sources */,
				5B9776D2261079CF004F95F7 /* HikeBadge.swift in Sources */,
				5B7008E42601ECA900DF7FDC /* CircleImage.swift in Sources */,
				5B49784626029CFF00A7B9C2 /* Landmark.swift in Sources */,
				5B49784926029FFA00A7B9C2 /* ModelData.swift in Sources */,
				5B81D7A42609B801004FA441 /* LandmarkRow.swift in Sources */,
			);
			runOnlyForDeploymentPostprocessing = 0;
		};
		5BAC6CD6261F8377002BE1DC /* Sources */ = {
			isa = PBXSourcesBuildPhase;
			buildActionMask = 2147483647;
			files = (
				5BAC6CE4261F8377002BE1DC /* NotificationController.swift in Sources */,
				5B44939426275BC700130D59 /* CircleImage.swift in Sources */,
				5B44938C26275BAA00130D59 /* LandmarkList.swift in Sources */,
				5B4493A826275BDC00130D59 /* Profile.swift in Sources */,
				5BAC6CE2261F8377002BE1DC /* ContentView.swift in Sources */,
				5BAC6CE8261F8377002BE1DC /* ComplicationController.swift in Sources */,
				5B44938826275BA000130D59 /* LandmarksApp.swift in Sources */,
				5B4493A426275BD900130D59 /* Hike.swift in Sources */,
				5B44939026275BAD00130D59 /* LandmarkRow.swift in Sources */,
				5B4493A026275BD600130D59 /* ModelData.swift in Sources */,
				5B44939826275BCA00130D59 /* MapView.swift in Sources */,
				5BAC6CE6261F8377002BE1DC /* NotificationView.swift in Sources */,
				5B44939C26275BD300130D59 /* Landmark.swift in Sources */,
			);
			runOnlyForDeploymentPostprocessing = 0;
		};
/* End PBXSourcesBuildPhase section */

/* Begin PBXTargetDependency section */
		5BAC6CDD261F8377002BE1DC /* PBXTargetDependency */ = {
			isa = PBXTargetDependency;
			target = 5BAC6CD9261F8377002BE1DC /* WatchLandmarks Extension */;
			targetProxy = 5BAC6CDC261F8377002BE1DC /* PBXContainerItemProxy */;
		};
		5BAC6CF1261F8378002BE1DC /* PBXTargetDependency */ = {
			isa = PBXTargetDependency;
			target = 5BAC6CD0261F8376002BE1DC /* WatchLandmarks */;
			targetProxy = 5BAC6CF0261F8378002BE1DC /* PBXContainerItemProxy */;
		};
/* End PBXTargetDependency section */

/* Begin XCBuildConfiguration section */
		5B0336D8260107A9002F9408 /* Debug */ = {
			isa = XCBuildConfiguration;
			buildSettings = {
				ALWAYS_SEARCH_USER_PATHS = NO;
				CLANG_ANALYZER_NONNULL = YES;
				CLANG_ANALYZER_NUMBER_OBJECT_CONVERSION = YES_AGGRESSIVE;
				CLANG_CXX_LANGUAGE_STANDARD = "gnu++14";
				CLANG_CXX_LIBRARY = "libc++";
				CLANG_ENABLE_MODULES = YES;
				CLANG_ENABLE_OBJC_ARC = YES;
				CLANG_ENABLE_OBJC_WEAK = YES;
				CLANG_WARN_BLOCK_CAPTURE_AUTORELEASING = YES;
				CLANG_WARN_BOOL_CONVERSION = YES;
				CLANG_WARN_COMMA = YES;
				CLANG_WARN_CONSTANT_CONVERSION = YES;
				CLANG_WARN_DEPRECATED_OBJC_IMPLEMENTATIONS = YES;
				CLANG_WARN_DIRECT_OBJC_ISA_USAGE = YES_ERROR;
				CLANG_WARN_DOCUMENTATION_COMMENTS = YES;
				CLANG_WARN_EMPTY_BODY = YES;
				CLANG_WARN_ENUM_CONVERSION = YES;
				CLANG_WARN_INFINITE_RECURSION = YES;
				CLANG_WARN_INT_CONVERSION = YES;
				CLANG_WARN_NON_LITERAL_NULL_CONVERSION = YES;
				CLANG_WARN_OBJC_IMPLICIT_RETAIN_SELF = YES;
				CLANG_WARN_OBJC_LITERAL_CONVERSION = YES;
				CLANG_WARN_OBJC_ROOT_CLASS = YES_ERROR;
				CLANG_WARN_QUOTED_INCLUDE_IN_FRAMEWORK_HEADER = YES;
				CLANG_WARN_RANGE_LOOP_ANALYSIS = YES;
				CLANG_WARN_STRICT_PROTOTYPES = YES;
				CLANG_WARN_SUSPICIOUS_MOVE = YES;
				CLANG_WARN_UNGUARDED_AVAILABILITY = YES_AGGRESSIVE;
				CLANG_WARN_UNREACHABLE_CODE = YES;
				CLANG_WARN__DUPLICATE_METHOD_MATCH = YES;
				COPY_PHASE_STRIP = NO;
				DEBUG_INFORMATION_FORMAT = dwarf;
				ENABLE_STRICT_OBJC_MSGSEND = YES;
				ENABLE_TESTABILITY = YES;
				GCC_C_LANGUAGE_STANDARD = gnu11;
				GCC_DYNAMIC_NO_PIC = NO;
				GCC_NO_COMMON_BLOCKS = YES;
				GCC_OPTIMIZATION_LEVEL = 0;
				GCC_PREPROCESSOR_DEFINITIONS = (
					"DEBUG=1",
					"$(inherited)",
				);
				GCC_WARN_64_TO_32_BIT_CONVERSION = YES;
				GCC_WARN_ABOUT_RETURN_TYPE = YES_ERROR;
				GCC_WARN_UNDECLARED_SELECTOR = YES;
				GCC_WARN_UNINITIALIZED_AUTOS = YES_AGGRESSIVE;
				GCC_WARN_UNUSED_FUNCTION = YES;
				GCC_WARN_UNUSED_VARIABLE = YES;
				IPHONEOS_DEPLOYMENT_TARGET = 14.4;
				MTL_ENABLE_DEBUG_INFO = INCLUDE_SOURCE;
				MTL_FAST_MATH = YES;
				ONLY_ACTIVE_ARCH = YES;
				SDKROOT = iphoneos;
				SWIFT_ACTIVE_COMPILATION_CONDITIONS = DEBUG;
				SWIFT_OPTIMIZATION_LEVEL = "-Onone";
			};
			name = Debug;
		};
		5B0336D9260107A9002F9408 /* Release */ = {
			isa = XCBuildConfiguration;
			buildSettings = {
				ALWAYS_SEARCH_USER_PATHS = NO;
				CLANG_ANALYZER_NONNULL = YES;
				CLANG_ANALYZER_NUMBER_OBJECT_CONVERSION = YES_AGGRESSIVE;
				CLANG_CXX_LANGUAGE_STANDARD = "gnu++14";
				CLANG_CXX_LIBRARY = "libc++";
				CLANG_ENABLE_MODULES = YES;
				CLANG_ENABLE_OBJC_ARC = YES;
				CLANG_ENABLE_OBJC_WEAK = YES;
				CLANG_WARN_BLOCK_CAPTURE_AUTORELEASING = YES;
				CLANG_WARN_BOOL_CONVERSION = YES;
				CLANG_WARN_COMMA = YES;
				CLANG_WARN_CONSTANT_CONVERSION = YES;
				CLANG_WARN_DEPRECATED_OBJC_IMPLEMENTATIONS = YES;
				CLANG_WARN_DIRECT_OBJC_ISA_USAGE = YES_ERROR;
				CLANG_WARN_DOCUMENTATION_COMMENTS = YES;
				CLANG_WARN_EMPTY_BODY = YES;
				CLANG_WARN_ENUM_CONVERSION = YES;
				CLANG_WARN_INFINITE_RECURSION = YES;
				CLANG_WARN_INT_CONVERSION = YES;
				CLANG_WARN_NON_LITERAL_NULL_CONVERSION = YES;
				CLANG_WARN_OBJC_IMPLICIT_RETAIN_SELF = YES;
				CLANG_WARN_OBJC_LITERAL_CONVERSION = YES;
				CLANG_WARN_OBJC_ROOT_CLASS = YES_ERROR;
				CLANG_WARN_QUOTED_INCLUDE_IN_FRAMEWORK_HEADER = YES;
				CLANG_WARN_RANGE_LOOP_ANALYSIS = YES;
				CLANG_WARN_STRICT_PROTOTYPES = YES;
				CLANG_WARN_SUSPICIOUS_MOVE = YES;
				CLANG_WARN_UNGUARDED_AVAILABILITY = YES_AGGRESSIVE;
				CLANG_WARN_UNREACHABLE_CODE = YES;
				CLANG_WARN__DUPLICATE_METHOD_MATCH = YES;
				COPY_PHASE_STRIP = NO;
				DEBUG_INFORMATION_FORMAT = "dwarf-with-dsym";
				ENABLE_NS_ASSERTIONS = NO;
				ENABLE_STRICT_OBJC_MSGSEND = YES;
				GCC_C_LANGUAGE_STANDARD = gnu11;
				GCC_NO_COMMON_BLOCKS = YES;
				GCC_WARN_64_TO_32_BIT_CONVERSION = YES;
				GCC_WARN_ABOUT_RETURN_TYPE = YES_ERROR;
				GCC_WARN_UNDECLARED_SELECTOR = YES;
				GCC_WARN_UNINITIALIZED_AUTOS = YES_AGGRESSIVE;
				GCC_WARN_UNUSED_FUNCTION = YES;
				GCC_WARN_UNUSED_VARIABLE = YES;
				IPHONEOS_DEPLOYMENT_TARGET = 14.4;
				MTL_ENABLE_DEBUG_INFO = NO;
				MTL_FAST_MATH = YES;
				SDKROOT = iphoneos;
				SWIFT_COMPILATION_MODE = wholemodule;
				SWIFT_OPTIMIZATION_LEVEL = "-O";
				VALIDATE_PRODUCT = YES;
			};
			name = Release;
		};
		5B0336DB260107A9002F9408 /* Debug */ = {
			isa = XCBuildConfiguration;
			buildSettings = {
				ASSETCATALOG_COMPILER_APPICON_NAME = AppIcon;
				ASSETCATALOG_COMPILER_GLOBAL_ACCENT_COLOR_NAME = AccentColor;
				CODE_SIGN_STYLE = Automatic;
				DEVELOPMENT_ASSET_PATHS = "\"Landmarks/Preview Content\"";
				DEVELOPMENT_TEAM = UTTC6JQQ76;
				ENABLE_PREVIEWS = YES;
				INFOPLIST_FILE = Landmarks/Info.plist;
				IPHONEOS_DEPLOYMENT_TARGET = 14.0;
				LD_RUNPATH_SEARCH_PATHS = (
					"$(inherited)",
					"@executable_path/Frameworks",
				);
				PRODUCT_BUNDLE_IDENTIFIER = ru.aleksey.kukushkin.Landmarks;
				PRODUCT_NAME = "$(TARGET_NAME)";
				SWIFT_VERSION = 5.0;
				TARGETED_DEVICE_FAMILY = "1,2";
			};
			name = Debug;
		};
		5B0336DC260107A9002F9408 /* Release */ = {
			isa = XCBuildConfiguration;
			buildSettings = {
				ASSETCATALOG_COMPILER_APPICON_NAME = AppIcon;
				ASSETCATALOG_COMPILER_GLOBAL_ACCENT_COLOR_NAME = AccentColor;
				CODE_SIGN_STYLE = Automatic;
				DEVELOPMENT_ASSET_PATHS = "\"Landmarks/Preview Content\"";
				DEVELOPMENT_TEAM = UTTC6JQQ76;
				ENABLE_PREVIEWS = YES;
				INFOPLIST_FILE = Landmarks/Info.plist;
				IPHONEOS_DEPLOYMENT_TARGET = 14.0;
				LD_RUNPATH_SEARCH_PATHS = (
					"$(inherited)",
					"@executable_path/Frameworks",
				);
				PRODUCT_BUNDLE_IDENTIFIER = ru.aleksey.kukushkin.Landmarks;
				PRODUCT_NAME = "$(TARGET_NAME)";
				SWIFT_VERSION = 5.0;
				TARGETED_DEVICE_FAMILY = "1,2";
			};
			name = Release;
		};
		5BAC6CF4261F8378002BE1DC /* Debug */ = {
			isa = XCBuildConfiguration;
			buildSettings = {
				ALWAYS_EMBED_SWIFT_STANDARD_LIBRARIES = YES;
				ASSETCATALOG_COMPILER_APPICON_NAME = AppIcon;
				ASSETCATALOG_COMPILER_GLOBAL_ACCENT_COLOR_NAME = AccentColor;
				CODE_SIGN_STYLE = Automatic;
				DEVELOPMENT_TEAM = UTTC6JQQ76;
				IBSC_MODULE = WatchLandmarks_Extension;
				INFOPLIST_FILE = WatchLandmarks/Info.plist;
				PRODUCT_BUNDLE_IDENTIFIER = ru.aleksey.kukushkin.Landmarks.watchkitapp;
				PRODUCT_NAME = "$(TARGET_NAME)";
				SDKROOT = watchos;
				SKIP_INSTALL = YES;
				SWIFT_VERSION = 5.0;
				TARGETED_DEVICE_FAMILY = 4;
				WATCHOS_DEPLOYMENT_TARGET = 7.2;
			};
			name = Debug;
		};
		5BAC6CF5261F8378002BE1DC /* Release */ = {
			isa = XCBuildConfiguration;
			buildSettings = {
				ALWAYS_EMBED_SWIFT_STANDARD_LIBRARIES = YES;
				ASSETCATALOG_COMPILER_APPICON_NAME = AppIcon;
				ASSETCATALOG_COMPILER_GLOBAL_ACCENT_COLOR_NAME = AccentColor;
				CODE_SIGN_STYLE = Automatic;
				DEVELOPMENT_TEAM = UTTC6JQQ76;
				IBSC_MODULE = WatchLandmarks_Extension;
				INFOPLIST_FILE = WatchLandmarks/Info.plist;
				PRODUCT_BUNDLE_IDENTIFIER = ru.aleksey.kukushkin.Landmarks.watchkitapp;
				PRODUCT_NAME = "$(TARGET_NAME)";
				SDKROOT = watchos;
				SKIP_INSTALL = YES;
				SWIFT_VERSION = 5.0;
				TARGETED_DEVICE_FAMILY = 4;
				WATCHOS_DEPLOYMENT_TARGET = 7.2;
			};
			name = Release;
		};
		5BAC6CF7261F8378002BE1DC /* Debug */ = {
			isa = XCBuildConfiguration;
			buildSettings = {
				ASSETCATALOG_COMPILER_COMPLICATION_NAME = Complication;
				CODE_SIGN_STYLE = Automatic;
				DEVELOPMENT_ASSET_PATHS = "\"WatchLandmarks Extension/Preview Content\"";
				DEVELOPMENT_TEAM = UTTC6JQQ76;
				ENABLE_PREVIEWS = YES;
				INFOPLIST_FILE = "WatchLandmarks Extension/Info.plist";
				LD_RUNPATH_SEARCH_PATHS = (
					"$(inherited)",
					"@executable_path/Frameworks",
					"@executable_path/../../Frameworks",
				);
				PRODUCT_BUNDLE_IDENTIFIER = ru.aleksey.kukushkin.Landmarks.watchkitapp.watchkitextension;
				PRODUCT_NAME = "${TARGET_NAME}";
				SDKROOT = watchos;
				SKIP_INSTALL = YES;
				SWIFT_VERSION = 5.0;
				TARGETED_DEVICE_FAMILY = 4;
				WATCHOS_DEPLOYMENT_TARGET = 7.2;
			};
			name = Debug;
		};
		5BAC6CF8261F8378002BE1DC /* Release */ = {
			isa = XCBuildConfiguration;
			buildSettings = {
				ASSETCATALOG_COMPILER_COMPLICATION_NAME = Complication;
				CODE_SIGN_STYLE = Automatic;
				DEVELOPMENT_ASSET_PATHS = "\"WatchLandmarks Extension/Preview Content\"";
				DEVELOPMENT_TEAM = UTTC6JQQ76;
				ENABLE_PREVIEWS = YES;
				INFOPLIST_FILE = "WatchLandmarks Extension/Info.plist";
				LD_RUNPATH_SEARCH_PATHS = (
					"$(inherited)",
					"@executable_path/Frameworks",
					"@executable_path/../../Frameworks",
				);
				PRODUCT_BUNDLE_IDENTIFIER = ru.aleksey.kukushkin.Landmarks.watchkitapp.watchkitextension;
				PRODUCT_NAME = "${TARGET_NAME}";
				SDKROOT = watchos;
				SKIP_INSTALL = YES;
				SWIFT_VERSION = 5.0;
				TARGETED_DEVICE_FAMILY = 4;
				WATCHOS_DEPLOYMENT_TARGET = 7.2;
			};
			name = Release;
		};
/* End XCBuildConfiguration section */

/* Begin XCConfigurationList section */
		5B0336C6260107A9002F9408 /* Build configuration list for PBXProject "Landmarks" */ = {
			isa = XCConfigurationList;
			buildConfigurations = (
				5B0336D8260107A9002F9408 /* Debug */,
				5B0336D9260107A9002F9408 /* Release */,
			);
			defaultConfigurationIsVisible = 0;
			defaultConfigurationName = Release;
		};
		5B0336DA260107A9002F9408 /* Build configuration list for PBXNativeTarget "Landmarks" */ = {
			isa = XCConfigurationList;
			buildConfigurations = (
				5B0336DB260107A9002F9408 /* Debug */,
				5B0336DC260107A9002F9408 /* Release */,
			);
			defaultConfigurationIsVisible = 0;
			defaultConfigurationName = Release;
		};
		5BAC6CF9261F8378002BE1DC /* Build configuration list for PBXNativeTarget "WatchLandmarks Extension" */ = {
			isa = XCConfigurationList;
			buildConfigurations = (
				5BAC6CF7261F8378002BE1DC /* Debug */,
				5BAC6CF8261F8378002BE1DC /* Release */,
			);
			defaultConfigurationIsVisible = 0;
			defaultConfigurationName = Release;
		};
		5BAC6CFA261F8378002BE1DC /* Build configuration list for PBXNativeTarget "WatchLandmarks" */ = {
			isa = XCConfigurationList;
			buildConfigurations = (
				5BAC6CF4261F8378002BE1DC /* Debug */,
				5BAC6CF5261F8378002BE1DC /* Release */,
			);
			defaultConfigurationIsVisible = 0;
			defaultConfigurationName = Release;
		};
/* End XCConfigurationList section */
	};
	rootObject = 5B0336C3260107A9002F9408 /* Project object */;
}
